
Microsoft Visual Studio Solution File, Format Version 12.00
# Visual Studio 14
VisualStudioVersion = 14.0.24720.0
MinimumVisualStudioVersion = 10.0.40219.1
Project("{FAE04EC0-301F-11D3-BF4B-00C04F79EFBC}") = "Math_App.Droid", "Math-App\Math_App.Droid\Math_App.Droid.csproj", "{1AB4184E-681E-47BE-A105-ECBDD829AFD7}"
EndProject
Project("{FAE04EC0-301F-11D3-BF4B-00C04F79EFBC}") = "Math_App.iOS", "Math-App\Math_App.iOS\Math_App.iOS.csproj", "{E099B178-EEAA-4509-A104-CC77134B7633}"
EndProject
Project("{FAE04EC0-301F-11D3-BF4B-00C04F79EFBC}") = "Math_App.WinPhone", "Math-App\Math_App.WinPhone\Math_App.WinPhone.csproj", "{48E8F485-94E8-4A3C-A9C1-FC647BC9EAA6}"
EndProject
Project("{D954291E-2A0B-460D-934E-DC6B0785DB48}") = "Math_App", "Math-App\Math_App\Math_App.shproj", "{AAF54C2D-B5D8-49D8-A625-279B6BFF2305}"
EndProject
Global
	GlobalSection(SharedMSBuildProjectFiles) = preSolution
		Math-App\Math_App\Math_App.projitems*{1ab4184e-681e-47be-a105-ecbdd829afd7}*SharedItemsImports = 4
		Math-App\Math_App\Math_App.projitems*{e099b178-eeaa-4509-a104-cc77134b7633}*SharedItemsImports = 4
		Math-App\Math_App\Math_App.projitems*{48e8f485-94e8-4a3c-a9c1-fc647bc9eaa6}*SharedItemsImports = 4
		Math-App\Math_App\Math_App.projitems*{aaf54c2d-b5d8-49d8-a625-279b6bff2305}*SharedItemsImports = 13
	EndGlobalSection
	GlobalSection(SolutionConfigurationPlatforms) = preSolution
		AppStore|Any CPU = AppStore|Any CPU
		AppStore|ARM = AppStore|ARM
		AppStore|iPhone = AppStore|iPhone
		AppStore|iPhoneSimulator = AppStore|iPhoneSimulator
		AppStore|x86 = AppStore|x86
		Debug|Any CPU = Debug|Any CPU
		Debug|ARM = Debug|ARM
		Debug|iPhone = Debug|iPhone
		Debug|iPhoneSimulator = Debug|iPhoneSimulator
		Debug|x86 = Debug|x86
		Release|Any CPU = Release|Any CPU
		Release|ARM = Release|ARM
		Release|iPhone = Release|iPhone
		Release|iPhoneSimulator = Release|iPhoneSimulator
		Release|x86 = Release|x86
	EndGlobalSection
	GlobalSection(ProjectConfigurationPlatforms) = postSolution
		{1AB4184E-681E-47BE-A105-ECBDD829AFD7}.AppStore|Any CPU.ActiveCfg = Release|Any CPU
		{1AB4184E-681E-47BE-A105-ECBDD829AFD7}.AppStore|Any CPU.Build.0 = Release|Any CPU
		{1AB4184E-681E-47BE-A105-ECBDD829AFD7}.AppStore|Any CPU.Deploy.0 = Release|Any CPU
		{1AB4184E-681E-47BE-A105-ECBDD829AFD7}.AppStore|ARM.ActiveCfg = Release|Any CPU
		{1AB4184E-681E-47BE-A105-ECBDD829AFD7}.AppStore|ARM.Build.0 = Release|Any CPU
		{1AB4184E-681E-47BE-A105-ECBDD829AFD7}.AppStore|ARM.Deploy.0 = Release|Any CPU
		{1AB4184E-681E-47BE-A105-ECBDD829AFD7}.AppStore|iPhone.ActiveCfg = Release|Any CPU
		{1AB4184E-681E-47BE-A105-ECBDD829AFD7}.AppStore|iPhone.Build.0 = Release|Any CPU
		{1AB4184E-681E-47BE-A105-ECBDD829AFD7}.AppStore|iPhone.Deploy.0 = Release|Any CPU
		{1AB4184E-681E-47BE-A105-ECBDD829AFD7}.AppStore|iPhoneSimulator.ActiveCfg = Release|Any CPU
		{1AB4184E-681E-47BE-A105-ECBDD829AFD7}.AppStore|iPhoneSimulator.Build.0 = Release|Any CPU
		{1AB4184E-681E-47BE-A105-ECBDD829AFD7}.AppStore|iPhoneSimulator.Deploy.0 = Release|Any CPU
		{1AB4184E-681E-47BE-A105-ECBDD829AFD7}.AppStore|x86.ActiveCfg = Release|Any CPU
		{1AB4184E-681E-47BE-A105-ECBDD829AFD7}.AppStore|x86.Build.0 = Release|Any CPU
		{1AB4184E-681E-47BE-A105-ECBDD829AFD7}.AppStore|x86.Deploy.0 = Release|Any CPU
		{1AB4184E-681E-47BE-A105-ECBDD829AFD7}.Debug|Any CPU.ActiveCfg = Debug|Any CPU
		{1AB4184E-681E-47BE-A105-ECBDD829AFD7}.Debug|Any CPU.Build.0 = Debug|Any CPU
		{1AB4184E-681E-47BE-A105-ECBDD829AFD7}.Debug|Any CPU.Deploy.0 = Debug|Any CPU
		{1AB4184E-681E-47BE-A105-ECBDD829AFD7}.Debug|ARM.ActiveCfg = Debug|Any CPU
		{1AB4184E-681E-47BE-A105-ECBDD829AFD7}.Debug|ARM.Build.0 = Debug|Any CPU
		{1AB4184E-681E-47BE-A105-ECBDD829AFD7}.Debug|ARM.Deploy.0 = Debug|Any CPU
		{1AB4184E-681E-47BE-A105-ECBDD829AFD7}.Debug|iPhone.ActiveCfg = Debug|Any CPU
		{1AB4184E-681E-47BE-A105-ECBDD829AFD7}.Debug|iPhone.Build.0 = Debug|Any CPU
		{1AB4184E-681E-47BE-A105-ECBDD829AFD7}.Debug|iPhone.Deploy.0 = Debug|Any CPU
		{1AB4184E-681E-47BE-A105-ECBDD829AFD7}.Debug|iPhoneSimulator.ActiveCfg = Debug|Any CPU
		{1AB4184E-681E-47BE-A105-ECBDD829AFD7}.Debug|iPhoneSimulator.Build.0 = Debug|Any CPU
		{1AB4184E-681E-47BE-A105-ECBDD829AFD7}.Debug|iPhoneSimulator.Deploy.0 = Debug|Any CPU
		{1AB4184E-681E-47BE-A105-ECBDD829AFD7}.Debug|x86.ActiveCfg = Debug|Any CPU
		{1AB4184E-681E-47BE-A105-ECBDD829AFD7}.Debug|x86.Build.0 = Debug|Any CPU
		{1AB4184E-681E-47BE-A105-ECBDD829AFD7}.Debug|x86.Deploy.0 = Debug|Any CPU
		{1AB4184E-681E-47BE-A105-ECBDD829AFD7}.Release|Any CPU.ActiveCfg = Release|Any CPU
		{1AB4184E-681E-47BE-A105-ECBDD829AFD7}.Release|Any CPU.Build.0 = Release|Any CPU
		{1AB4184E-681E-47BE-A105-ECBDD829AFD7}.Release|Any CPU.Deploy.0 = Release|Any CPU
		{1AB4184E-681E-47BE-A105-ECBDD829AFD7}.Release|ARM.ActiveCfg = Release|Any CPU
		{1AB4184E-681E-47BE-A105-ECBDD829AFD7}.Release|ARM.Build.0 = Release|Any CPU
		{1AB4184E-681E-47BE-A105-ECBDD829AFD7}.Release|ARM.Deploy.0 = Release|Any CPU
		{1AB4184E-681E-47BE-A105-ECBDD829AFD7}.Release|iPhone.ActiveCfg = Release|Any CPU
		{1AB4184E-681E-47BE-A105-ECBDD829AFD7}.Release|iPhone.Build.0 = Release|Any CPU
		{1AB4184E-681E-47BE-A105-ECBDD829AFD7}.Release|iPhone.Deploy.0 = Release|Any CPU
		{1AB4184E-681E-47BE-A105-ECBDD829AFD7}.Release|iPhoneSimulator.ActiveCfg = Release|Any CPU
		{1AB4184E-681E-47BE-A105-ECBDD829AFD7}.Release|iPhoneSimulator.Build.0 = Release|Any CPU
		{1AB4184E-681E-47BE-A105-ECBDD829AFD7}.Release|iPhoneSimulator.Deploy.0 = Release|Any CPU
		{1AB4184E-681E-47BE-A105-ECBDD829AFD7}.Release|x86.ActiveCfg = Release|Any CPU
		{1AB4184E-681E-47BE-A105-ECBDD829AFD7}.Release|x86.Build.0 = Release|Any CPU
		{1AB4184E-681E-47BE-A105-ECBDD829AFD7}.Release|x86.Deploy.0 = Release|Any CPU
		{E099B178-EEAA-4509-A104-CC77134B7633}.AppStore|Any CPU.ActiveCfg = AppStore|iPhone
		{E099B178-EEAA-4509-A104-CC77134B7633}.AppStore|ARM.ActiveCfg = AppStore|iPhone
		{E099B178-EEAA-4509-A104-CC77134B7633}.AppStore|iPhone.ActiveCfg = AppStore|iPhone
		{E099B178-EEAA-4509-A104-CC77134B7633}.AppStore|iPhone.Build.0 = AppStore|iPhone
		{E099B178-EEAA-4509-A104-CC77134B7633}.AppStore|iPhoneSimulator.ActiveCfg = AppStore|iPhoneSimulator
		{E099B178-EEAA-4509-A104-CC77134B7633}.AppStore|iPhoneSimulator.Build.0 = AppStore|iPhoneSimulator
		{E099B178-EEAA-4509-A104-CC77134B7633}.AppStore|x86.ActiveCfg = AppStore|iPhone
		{E099B178-EEAA-4509-A104-CC77134B7633}.Debug|Any CPU.ActiveCfg = Debug|iPhone
		{E099B178-EEAA-4509-A104-CC77134B7633}.Debug|ARM.ActiveCfg = Debug|iPhone
		{E099B178-EEAA-4509-A104-CC77134B7633}.Debug|iPhone.ActiveCfg = Debug|iPhone
		{E099B178-EEAA-4509-A104-CC77134B7633}.Debug|iPhone.Build.0 = Debug|iPhone
		{E099B178-EEAA-4509-A104-CC77134B7633}.Debug|iPhoneSimulator.ActiveCfg = Debug|iPhoneSimulator
		{E099B178-EEAA-4509-A104-CC77134B7633}.Debug|iPhoneSimulator.Build.0 = Debug|iPhoneSimulator
		{E099B178-EEAA-4509-A104-CC77134B7633}.Debug|x86.ActiveCfg = Debug|iPhone
		{E099B178-EEAA-4509-A104-CC77134B7633}.Release|Any CPU.ActiveCfg = Release|iPhone
		{E099B178-EEAA-4509-A104-CC77134B7633}.Release|ARM.ActiveCfg = Release|iPhone
		{E099B178-EEAA-4509-A104-CC77134B7633}.Release|iPhone.ActiveCfg = Release|iPhone
		{E099B178-EEAA-4509-A104-CC77134B7633}.Release|iPhone.Build.0 = Release|iPhone
		{E099B178-EEAA-4509-A104-CC77134B7633}.Release|iPhoneSimulator.ActiveCfg = Release|iPhoneSimulator
		{E099B178-EEAA-4509-A104-CC77134B7633}.Release|iPhoneSimulator.Build.0 = Release|iPhoneSimulator
		{E099B178-EEAA-4509-A104-CC77134B7633}.Release|x86.ActiveCfg = Release|iPhone
		{48E8F485-94E8-4A3C-A9C1-FC647BC9EAA6}.AppStore|Any CPU.ActiveCfg = Release|Any CPU
		{48E8F485-94E8-4A3C-A9C1-FC647BC9EAA6}.AppStore|Any CPU.Build.0 = Release|Any CPU
		{48E8F485-94E8-4A3C-A9C1-FC647BC9EAA6}.AppStore|Any CPU.Deploy.0 = Release|Any CPU
		{48E8F485-94E8-4A3C-A9C1-FC647BC9EAA6}.AppStore|ARM.ActiveCfg = Release|ARM
		{48E8F485-94E8-4A3C-A9C1-FC647BC9EAA6}.AppStore|ARM.Build.0 = Release|ARM
		{48E8F485-94E8-4A3C-A9C1-FC647BC9EAA6}.AppStore|ARM.Deploy.0 = Release|ARM
		{48E8F485-94E8-4A3C-A9C1-FC647BC9EAA6}.AppStore|iPhone.ActiveCfg = Release|Any CPU
		{48E8F485-94E8-4A3C-A9C1-FC647BC9EAA6}.AppStore|iPhone.Build.0 = Release|Any CPU
		{48E8F485-94E8-4A3C-A9C1-FC647BC9EAA6}.AppStore|iPhone.Deploy.0 = Release|Any CPU
		{48E8F485-94E8-4A3C-A9C1-FC647BC9EAA6}.AppStore|iPhoneSimulator.ActiveCfg = Release|Any CPU
		{48E8F485-94E8-4A3C-A9C1-FC647BC9EAA6}.AppStore|iPhoneSimulator.Build.0 = Release|Any CPU
		{48E8F485-94E8-4A3C-A9C1-FC647BC9EAA6}.AppStore|iPhoneSimulator.Deploy.0 = Release|Any CPU
		{48E8F485-94E8-4A3C-A9C1-FC647BC9EAA6}.AppStore|x86.ActiveCfg = Release|x86
		{48E8F485-94E8-4A3C-A9C1-FC647BC9EAA6}.AppStore|x86.Build.0 = Release|x86
		{48E8F485-94E8-4A3C-A9C1-FC647BC9EAA6}.AppStore|x86.Deploy.0 = Release|x86
		{48E8F485-94E8-4A3C-A9C1-FC647BC9EAA6}.Debug|Any CPU.ActiveCfg = Debug|Any CPU
		{48E8F485-94E8-4A3C-A9C1-FC647BC9EAA6}.Debug|Any CPU.Build.0 = Debug|Any CPU
		{48E8F485-94E8-4A3C-A9C1-FC647BC9EAA6}.Debug|Any CPU.Deploy.0 = Debug|Any CPU
		{48E8F485-94E8-4A3C-A9C1-FC647BC9EAA6}.Debug|ARM.ActiveCfg = Debug|ARM
		{48E8F485-94E8-4A3C-A9C1-FC647BC9EAA6}.Debug|ARM.Build.0 = Debug|ARM
		{48E8F485-94E8-4A3C-A9C1-FC647BC9EAA6}.Debug|ARM.Deploy.0 = Debug|ARM
		{48E8F485-94E8-4A3C-A9C1-FC647BC9EAA6}.Debug|iPhone.ActiveCfg = Debug|Any CPU
		{48E8F485-94E8-4A3C-A9C1-FC647BC9EAA6}.Debug|iPhone.Build.0 = Debug|Any CPU
		{48E8F485-94E8-4A3C-A9C1-FC647BC9EAA6}.Debug|iPhone.Deploy.0 = Debug|Any CPU
		{48E8F485-94E8-4A3C-A9C1-FC647BC9EAA6}.Debug|iPhoneSimulator.ActiveCfg = Debug|Any CPU
		{48E8F485-94E8-4A3C-A9C1-FC647BC9EAA6}.Debug|iPhoneSimulator.Build.0 = Debug|Any CPU
		{48E8F485-94E8-4A3C-A9C1-FC647BC9EAA6}.Debug|iPhoneSimulator.Deploy.0 = Debug|Any CPU
		{48E8F485-94E8-4A3C-A9C1-FC647BC9EAA6}.Debug|x86.ActiveCfg = Debug|x86
		{48E8F485-94E8-4A3C-A9C1-FC647BC9EAA6}.Debug|x86.Build.0 = Debug|x86
		{48E8F485-94E8-4A3C-A9C1-FC647BC9EAA6}.Debug|x86.Deploy.0 = Debug|x86
		{48E8F485-94E8-4A3C-A9C1-FC647BC9EAA6}.Release|Any CPU.ActiveCfg = Release|Any CPU
		{48E8F485-94E8-4A3C-A9C1-FC647BC9EAA6}.Release|Any CPU.Build.0 = Release|Any CPU
		{48E8F485-94E8-4A3C-A9C1-FC647BC9EAA6}.Release|Any CPU.Deploy.0 = Release|Any CPU
		{48E8F485-94E8-4A3C-A9C1-FC647BC9EAA6}.Release|ARM.ActiveCfg = Release|ARM
		{48E8F485-94E8-4A3C-A9C1-FC647BC9EAA6}.Release|ARM.Build.0 = Release|ARM
		{48E8F485-94E8-4A3C-A9C1-FC647BC9EAA6}.Release|ARM.Deploy.0 = Release|ARM
		{48E8F485-94E8-4A3C-A9C1-FC647BC9EAA6}.Release|iPhone.ActiveCfg = Release|Any CPU
		{48E8F485-94E8-4A3C-A9C1-FC647BC9EAA6}.Release|iPhone.Build.0 = Release|Any CPU
		{48E8F485-94E8-4A3C-A9C1-FC647BC9EAA6}.Release|iPhone.Deploy.0 = Release|Any CPU
		{48E8F485-94E8-4A3C-A9C1-FC647BC9EAA6}.Release|iPhoneSimulator.ActiveCfg = Release|Any CPU
		{48E8F485-94E8-4A3C-A9C1-FC647BC9EAA6}.Release|iPhoneSimulator.Build.0 = Release|Any CPU
		{48E8F485-94E8-4A3C-A9C1-FC647BC9EAA6}.Release|iPhoneSimulator.Deploy.0 = Release|Any CPU
		{48E8F485-94E8-4A3C-A9C1-FC647BC9EAA6}.Release|x86.ActiveCfg = Release|x86
		{48E8F485-94E8-4A3C-A9C1-FC647BC9EAA6}.Release|x86.Build.0 = Release|x86
		{48E8F485-94E8-4A3C-A9C1-FC647BC9EAA6}.Release|x86.Deploy.0 = Release|x86
	EndGlobalSection
	GlobalSection(SolutionProperties) = preSolution
		HideSolutionNode = FALSE
	EndGlobalSection
EndGlobal
